
Microsoft Visual Studio Solution File, Format Version 12.00
# Visual Studio 15
VisualStudioVersion = 15.0.28307.168
MinimumVisualStudioVersion = 10.0.40219.1
Project("{FAE04EC0-301F-11D3-BF4B-00C04F79EFBC}") = "OnlineHoppingStore.Domain", "OnlineHoppingStore.Domain\OnlineHoppingStore.Domain.csproj", "{B53C4968-1AC7-41DE-8D3A-4BD059675563}"
EndProject
Project("{FAE04EC0-301F-11D3-BF4B-00C04F79EFBC}") = "OnlineShoppingStore.WebUi", "OnlineShoppingStore.WebUi\OnlineShoppingStore.WebUi.csproj", "{CD34C592-04F2-422B-8AA2-E1A049B42F15}"
EndProject
Global
	GlobalSection(SolutionConfigurationPlatforms) = preSolution
		Debug|Any CPU = Debug|Any CPU
		Release|Any CPU = Release|Any CPU
	EndGlobalSection
	GlobalSection(ProjectConfigurationPlatforms) = postSolution
		{B53C4968-1AC7-41DE-8D3A-4BD059675563}.Debug|Any CPU.ActiveCfg = Debug|Any CPU
		{B53C4968-1AC7-41DE-8D3A-4BD059675563}.Debug|Any CPU.Build.0 = Debug|Any CPU
		{B53C4968-1AC7-41DE-8D3A-4BD059675563}.Release|Any CPU.ActiveCfg = Release|Any CPU
		{B53C4968-1AC7-41DE-8D3A-4BD059675563}.Release|Any CPU.Build.0 = Release|Any CPU
		{CD34C592-04F2-422B-8AA2-E1A049B42F15}.Debug|Any CPU.ActiveCfg = Debug|Any CPU
		{CD34C592-04F2-422B-8AA2-E1A049B42F15}.Debug|Any CPU.Build.0 = Debug|Any CPU
		{CD34C592-04F2-422B-8AA2-E1A049B42F15}.Release|Any CPU.ActiveCfg = Release|Any CPU
		{CD34C592-04F2-422B-8AA2-E1A049B42F15}.Release|Any CPU.Build.0 = Release|Any CPU
	EndGlobalSection
	GlobalSection(SolutionProperties) = preSolution
		HideSolutionNode = FALSE
	EndGlobalSection
	GlobalSection(ExtensibilityGlobals) = postSolution
		SolutionGuid = {3C0570BC-3F1B-432F-82DC-DA6AB758C762}
	EndGlobalSection
EndGlobal
